
Microsoft Visual Studio Solution File, Format Version 12.00
Project("{FAE04EC0-301F-11D3-BF4B-00C04F79EFBC}") = "Zykmtrixo", "Zykmtrixo\Zykmtrixo.csproj", "{63B4B873-B261-4445-B6A3-8598F346968C}"
EndProject
Project("{FAE04EC0-301F-11D3-BF4B-00C04F79EFBC}") = "Zykmtrixo.Test", "Zykmtrixo.Test\Zykmtrixo.Test.csproj", "{D6AEB72D-63D4-45F9-9E24-7CAF0A36CA9C}"
EndProject
Global
	GlobalSection(SolutionConfigurationPlatforms) = preSolution
		Debug|Any CPU = Debug|Any CPU
		Release|Any CPU = Release|Any CPU
	EndGlobalSection
	GlobalSection(ProjectConfigurationPlatforms) = postSolution
		{63B4B873-B261-4445-B6A3-8598F346968C}.Debug|Any CPU.ActiveCfg = Debug|Any CPU
		{63B4B873-B261-4445-B6A3-8598F346968C}.Debug|Any CPU.Build.0 = Debug|Any CPU
		{63B4B873-B261-4445-B6A3-8598F346968C}.Release|Any CPU.ActiveCfg = Release|Any CPU
		{63B4B873-B261-4445-B6A3-8598F346968C}.Release|Any CPU.Build.0 = Release|Any CPU
		{D6AEB72D-63D4-45F9-9E24-7CAF0A36CA9C}.Debug|Any CPU.ActiveCfg = Debug|Any CPU
		{D6AEB72D-63D4-45F9-9E24-7CAF0A36CA9C}.Debug|Any CPU.Build.0 = Debug|Any CPU
		{D6AEB72D-63D4-45F9-9E24-7CAF0A36CA9C}.Release|Any CPU.ActiveCfg = Release|Any CPU
		{D6AEB72D-63D4-45F9-9E24-7CAF0A36CA9C}.Release|Any CPU.Build.0 = Release|Any CPU
	EndGlobalSection
EndGlobal
